github.com/BurntSushi/toml v1.3.2 h1:o7IhLm0Msx3BaB+n3Ag7L8EVlByGnpq14C4YWiu/gL8=
github.com/BurntSushi/toml v1.3.2/go.mod h1:CxXYINrC8qIiEnFrOxCa7Jy5BFHlXnUU2pbicEuybxQ=
github.com/akamensky/argparse v1.4.0 h1:YGzvsTqCvbEZhL8zZu2AiA5nq805NZh75JNj4ajn1xc=
github.com/akamensky/argparse v1.4.0/go.mod h1:S5kwC7IuDcEr5VeXtGPRVZ5o/FdhcMlQz4IZQuw64xA=
github.com/mitchellh/go-ps v1.0.0 h1:i6ampVEEF4wQFF+bkYfwYgY+F/uYJDktmvLPf7qIgjc=
github.com/mitchellh/go-ps v1.0.0/go.mod h1:J4lOc8z8yJs6vUwklHw2XEIiT4z4C40KtWVN3nvg8Pg=
github.com/my10c/packages-go/epoch v0.0.0-20230629045125-5efc1e3334c4 h1:YBgYEA1Jci4x+j7kBo2cAcAIMOfss29ojrViGZXwP8A=
github.com/my10c/packages-go/epoch v0.0.0-20230629045125-5efc1e3334c4/go.mod h1:x75LjgWSwl6RERB/sTTXKObuPMrXlFVOSdp4Bf9IlLg=
github.com/my10c/packages-go/exit v0.0.0-20230629045125-5efc1e3334c4 h1:0p/7fGYq8ZSkuXVF3owXD6kd+vo2RchL6vevH6fxJGs=
github.com/my10c/packages-go/exit v0.0.0-20230629045125-5efc1e3334c4/go.mod h1:B9PPoHI5zn4le+7WpgmBP9YPIqIv0zAUdXQmFVSFeAA=
github.com/my10c/packages-go/is v0.0.0-20230629045125-5efc1e3334c4 h1:NDn3SMj7smp5p94cLt6oW2uEfWoR5fBGCBygULU1WJA=
github.com/my10c/packages-go/is v0.0.0-20230629045125-5efc1e3334c4/go.mod h1:ba1LbSqEuIMHD1n9uMZRSQBfy2O0vWJbedW8+r7laBM=
github.com/my10c/packages-go/lock v0.0.0-20230629045125-5efc1e3334c4 h1:tkDEoV9aNhgKLLbP4eMgvpUCyM669ZnJPc90u7Yvsgk=
github.com/my10c/packages-go/lock v0.0.0-20230629045125-5efc1e3334c4/go.mod h1:ANZeQD4HxFiFxs2jG8gbI0/sJL+0G9UBAc68URLMMDI=
github.com/my10c/packages-go/print v0.0.0-20230629045125-5efc1e3334c4 h1:ppGCl2lO8IahdqZkgvb9qZaFI8Glc/9HxpSF8nzjwZ8=
github.com/my10c/packages-go/print v0.0.0-20230629045125-5efc1e3334c4/go.mod h1:+5yH9RJDWCDjQSha+p6LCXYVwoW+27mlaM7Nhw8VC4A=
github.com/my10c/packages-go/random v0.0.0-20230629045125-5efc1e3334c4 h1:230ZAGMmAsXT6pdaoiWawY5YBABzcHB2orrgGQzmPsM=
github.com/my10c/packages-go/random v0.0.0-20230629045125-5efc1e3334c4/go.mod h1:n1igXtWq1ct2qfXrcywgTjboSmpVeyEvlMU1aksL7nY=
github.com/my10c/packages-go/readinput v0.0.0-20230629045125-5efc1e3334c4 h1:HbyGc+Sf0O4/LwUlx1WVm0N7jcid5rqAAKSXYFjf4Qo=
github.com/my10c/packages-go/readinput v0.0.0-20230629045125-5efc1e3334c4/go.mod h1:0DJRJ4XGevic+vEbGXo6kp5TZ7lZCs/z62ltZTZfC1M=
github.com/my10c/packages-go/spinner v0.0.0-20230629045125-5efc1e3334c4 h1:eN25AuRAszEWQNPLB2uxS6hJZ+w4T1FZMmWrLwNwt7s=
github.com/my10c/packages-go/spinner v0.0.0-20230629045125-5efc1e3334c4/go.mod h1:CEGK2oU5QXC1Kcfnj68CLvmf4ANri8q4vJ2y6+VUG40=
gopkg.in/asn1-ber.v1 v1.0.0-20181015200546-f715ec2f112d h1:TxyelI5cVkbREznMhfzycHdkp5cLA7DpE+GKjSslYhM=
gopkg.in/asn1-ber.v1 v1.0.0-20181015200546-f715ec2f112d/go.mod h1:cuepJuh7vyXfUyUwEgHQXw849cJrilpS5NeIjOWESAw=
gopkg.in/check.v1 v0.0.0-20161208181325-20d25e280405/go.mod h1:Co6ibVJAznAaIkqp8huTwlJQCZ016jof/cbN4VW5Yz0=
gopkg.in/ldap.v2 v2.5.1 h1:wiu0okdNfjlBzg6UWvd1Hn8Y+Ux17/u/4nlk4CQr6tU=
gopkg.in/ldap.v2 v2.5.1/go.mod h1:oI0cpe/D7HRtBQl8aTg+ZmzFUAvu4lsv3eLXMLGFxWk=
gopkg.in/natefinch/lumberjack.v2 v2.0.0 h1:1Lc07Kr7qY4U2YPouBjpCLxpiyxIVoxqXgkXLknAOE8=
gopkg.in/natefinch/lumberjack.v2 v2.0.0/go.mod h1:l0ndWWf7gzL7RNwBG7wST/UCcT4T24xpD6X8LsfU/+k=
gopkg.in/yaml.v2 v2.4.0 h1:D8xgwECY7CYvx+Y2n4sBz93Jn9JRvxdiyyo8CTfuKaY=
gopkg.in/yaml.v2 v2.4.0/go.mod h1:RDklbk79AGWmwhnvt/jBztapEOGDOx6ZbXqjP6csGnQ=
